
Microsoft Visual Studio Solution File, Format Version 12.00
# Visual Studio Version 17
VisualStudioVersion = 17.1.32328.378
MinimumVisualStudioVersion = 10.0.40219.1
Project("{FAE04EC0-301F-11D3-BF4B-00C04F79EFBC}") = "TulScan", "TulScan\TulScan.csproj", "{7D0062B3-B058-4EC6-AD26-DC6E0AD979FD}"
EndProject
Global
	GlobalSection(SolutionConfigurationPlatforms) = preSolution
		Debug|Any CPU = Debug|Any CPU
		Release|Any CPU = Release|Any CPU
	EndGlobalSection
	GlobalSection(ProjectConfigurationPlatforms) = postSolution
		{7D0062B3-B058-4EC6-AD26-DC6E0AD979FD}.Debug|Any CPU.ActiveCfg = Debug|Any CPU
		{7D0062B3-B058-4EC6-AD26-DC6E0AD979FD}.Debug|Any CPU.Build.0 = Debug|Any CPU
		{7D0062B3-B058-4EC6-AD26-DC6E0AD979FD}.Release|Any CPU.ActiveCfg = Release|Any CPU
		{7D0062B3-B058-4EC6-AD26-DC6E0AD979FD}.Release|Any CPU.Build.0 = Release|Any CPU
	EndGlobalSection
	GlobalSection(SolutionProperties) = preSolution
		HideSolutionNode = FALSE
	EndGlobalSection
	GlobalSection(ExtensibilityGlobals) = postSolution
		SolutionGuid = {1279B776-B240-4728-AF10-A2B54A7156C4}
	EndGlobalSection
EndGlobal
